
Microsoft Visual Studio Solution File, Format Version 12.00
# Visual Studio Version 17
VisualStudioVersion = 17.0.31919.166
MinimumVisualStudioVersion = 10.0.40219.1
Project("{FAE04EC0-301F-11D3-BF4B-00C04F79EFBC}") = "Singleton", "Singleton\Singleton.csproj", "{DACAF3C4-C34B-48C0-866E-8F55431353D5}"
EndProject
Global
	GlobalSection(SolutionConfigurationPlatforms) = preSolution
		Debug|Any CPU = Debug|Any CPU
		Release|Any CPU = Release|Any CPU
	EndGlobalSection
	GlobalSection(ProjectConfigurationPlatforms) = postSolution
		{DACAF3C4-C34B-48C0-866E-8F55431353D5}.Debug|Any CPU.ActiveCfg = Debug|Any CPU
		{DACAF3C4-C34B-48C0-866E-8F55431353D5}.Debug|Any CPU.Build.0 = Debug|Any CPU
		{DACAF3C4-C34B-48C0-866E-8F55431353D5}.Release|Any CPU.ActiveCfg = Release|Any CPU
		{DACAF3C4-C34B-48C0-866E-8F55431353D5}.Release|Any CPU.Build.0 = Release|Any CPU
	EndGlobalSection
	GlobalSection(SolutionProperties) = preSolution
		HideSolutionNode = FALSE
	EndGlobalSection
	GlobalSection(ExtensibilityGlobals) = postSolution
		SolutionGuid = {9C073C54-85A7-46CA-844D-4B54C338FEE8}
	EndGlobalSection
EndGlobal
